
Microsoft Visual Studio Solution File, Format Version 12.00
# Visual Studio 15
VisualStudioVersion = 15.0.27703.2042
MinimumVisualStudioVersion = 10.0.40219.1
Project("{FAE04EC0-301F-11D3-BF4B-00C04F79EFBC}") = "VcfEditor", "VcfEditor\VcfEditor.csproj", "{C8A9F244-210D-49EE-B4EB-E1C87383508A}"
EndProject
Global
	GlobalSection(SolutionConfigurationPlatforms) = preSolution
		Debug|Any CPU = Debug|Any CPU
		Release|Any CPU = Release|Any CPU
	EndGlobalSection
	GlobalSection(ProjectConfigurationPlatforms) = postSolution
		{C8A9F244-210D-49EE-B4EB-E1C87383508A}.Debug|Any CPU.ActiveCfg = Debug|Any CPU
		{C8A9F244-210D-49EE-B4EB-E1C87383508A}.Debug|Any CPU.Build.0 = Debug|Any CPU
		{C8A9F244-210D-49EE-B4EB-E1C87383508A}.Release|Any CPU.ActiveCfg = Release|Any CPU
		{C8A9F244-210D-49EE-B4EB-E1C87383508A}.Release|Any CPU.Build.0 = Release|Any CPU
	EndGlobalSection
	GlobalSection(SolutionProperties) = preSolution
		HideSolutionNode = FALSE
	EndGlobalSection
	GlobalSection(ExtensibilityGlobals) = postSolution
		SolutionGuid = {B2D0903C-75F9-4D39-830E-6A51DB2EBE54}
	EndGlobalSection
EndGlobal
